schema: '2.0'
stages:
  train:
    cmd: python src/train.py ../prepare/data/features model.pkl
    deps:
    - path: ../prepare/data/features
      hash: md5
      md5: f35d4cc2c552ac959ae602162b8543f3.dir
      size: 2232588
      nfiles: 2
    - path: src/train.py
      hash: md5
      md5: 324001573ed724e5ae092226fcf9ca30
      size: 1666
    params:
      params.yaml:
        train.min_split: 0.01
        train.n_est: 50
        train.seed: 20170428
    outs:
    - path: model.pkl
      hash: md5
      md5: f9d7a99d2c393848dff8e5a47c603495
      size: 1957931
  evaluate:
    cmd: python src/evaluate.py model.pkl ../prepare/data/features
    deps:
    - path: ../prepare/data/features
      hash: md5
      md5: f35d4cc2c552ac959ae602162b8543f3.dir
      size: 2232588
      nfiles: 2
    - path: model.pkl
      hash: md5
      md5: f9d7a99d2c393848dff8e5a47c603495
      size: 1957931
    - path: src/evaluate.py
      hash: md5
      md5: e7e4c46f018114d2b456b696e1d30212
      size: 4077
    outs:
    - path: eval/importance.png
      hash: md5
      md5: 51199e7a6ab977cb92c39b84306c1389
      size: 34065
    - path: eval/live/metrics.json
      hash: md5
      md5: e47047573188bfc2079ea080ead80520
      size: 196
    - path: eval/live/plots
      hash: md5
      md5: 96877193101d6f1bdf7c6a361544f973.dir
      size: 747248
      nfiles: 4
    - path: eval/prc
      hash: md5
      md5: 7a7fc103272b4a0a27020ca0ad42eacf.dir
      size: 297862
      nfiles: 2
